
Microsoft Visual Studio Solution File, Format Version 12.00
# Visual Studio Version 17
VisualStudioVersion = 17.7.34221.43
MinimumVisualStudioVersion = 10.0.40219.1
Project("{FAE04EC0-301F-11D3-BF4B-00C04F79EFBC}") = "Day6", "Day6\Day6.csproj", "{12DE20EF-A738-4461-9CD5-FC67AC026A9D}"
EndProject
Global
	GlobalSection(SolutionConfigurationPlatforms) = preSolution
		Debug|Any CPU = Debug|Any CPU
		Release|Any CPU = Release|Any CPU
	EndGlobalSection
	GlobalSection(ProjectConfigurationPlatforms) = postSolution
		{12DE20EF-A738-4461-9CD5-FC67AC026A9D}.Debug|Any CPU.ActiveCfg = Debug|Any CPU
		{12DE20EF-A738-4461-9CD5-FC67AC026A9D}.Debug|Any CPU.Build.0 = Debug|Any CPU
		{12DE20EF-A738-4461-9CD5-FC67AC026A9D}.Release|Any CPU.ActiveCfg = Release|Any CPU
		{12DE20EF-A738-4461-9CD5-FC67AC026A9D}.Release|Any CPU.Build.0 = Release|Any CPU
	EndGlobalSection
	GlobalSection(SolutionProperties) = preSolution
		HideSolutionNode = FALSE
	EndGlobalSection
	GlobalSection(ExtensibilityGlobals) = postSolution
		SolutionGuid = {E17F0E1F-8470-4A28-9D7C-3EC0EFA867CF}
	EndGlobalSection
EndGlobal
